
Microsoft Visual Studio Solution File, Format Version 12.00
# Visual Studio Version 16
VisualStudioVersion = 16.0.31729.503
MinimumVisualStudioVersion = 10.0.40219.1
Project("{FAE04EC0-301F-11D3-BF4B-00C04F79EFBC}") = "SoccerPlayerMVCApplication", "SoccerPlayerMVCApplication\SoccerPlayerMVCApplication.csproj", "{0A12A31B-70D6-44BC-BFD8-51D290B52CB7}"
EndProject
Project("{FAE04EC0-301F-11D3-BF4B-00C04F79EFBC}") = "SoccerPlayer.DataAccess", "SoccerPlayer.DataAccess\SoccerPlayer.DataAccess.csproj", "{9170E6AD-AC00-4C36-962E-A832F2134A1A}"
EndProject
Global
	GlobalSection(SolutionConfigurationPlatforms) = preSolution
		Debug|Any CPU = Debug|Any CPU
		Release|Any CPU = Release|Any CPU
	EndGlobalSection
	GlobalSection(ProjectConfigurationPlatforms) = postSolution
		{0A12A31B-70D6-44BC-BFD8-51D290B52CB7}.Debug|Any CPU.ActiveCfg = Debug|Any CPU
		{0A12A31B-70D6-44BC-BFD8-51D290B52CB7}.Debug|Any CPU.Build.0 = Debug|Any CPU
		{0A12A31B-70D6-44BC-BFD8-51D290B52CB7}.Release|Any CPU.ActiveCfg = Release|Any CPU
		{0A12A31B-70D6-44BC-BFD8-51D290B52CB7}.Release|Any CPU.Build.0 = Release|Any CPU
		{9170E6AD-AC00-4C36-962E-A832F2134A1A}.Debug|Any CPU.ActiveCfg = Debug|Any CPU
		{9170E6AD-AC00-4C36-962E-A832F2134A1A}.Debug|Any CPU.Build.0 = Debug|Any CPU
		{9170E6AD-AC00-4C36-962E-A832F2134A1A}.Release|Any CPU.ActiveCfg = Release|Any CPU
		{9170E6AD-AC00-4C36-962E-A832F2134A1A}.Release|Any CPU.Build.0 = Release|Any CPU
	EndGlobalSection
	GlobalSection(SolutionProperties) = preSolution
		HideSolutionNode = FALSE
	EndGlobalSection
	GlobalSection(ExtensibilityGlobals) = postSolution
		SolutionGuid = {9B2B40CC-E888-4282-8CF2-04A1190A442A}
	EndGlobalSection
EndGlobal
